{
    "hash": "9b8921d4a0560e3cd15a98fb98e28a06",
    "packages": [
        {
            "package": "symfony/console",
            "version": "dev-master",
            "source-reference": "1edd7b739561e87bde81ff1c2ce08bd89e92277e",
            "alias-pretty-version": "2.1.x-dev",
            "alias-version": "2.1.9999999.9999999-dev"
        },
        {
            "package": "symfony/console",
            "version": "dev-master",
            "source-reference": "1edd7b739561e87bde81ff1c2ce08bd89e92277e"
        },
        {
            "package": "symfony/filesystem",
            "version": "dev-master",
            "source-reference": "e1f7c293c029502921d77f914275b411f80ccbca"
        },
        {
            "package": "symfony/filesystem",
            "version": "dev-master",
            "source-reference": "e1f7c293c029502921d77f914275b411f80ccbca",
            "alias-pretty-version": "2.1.x-dev",
            "alias-version": "2.1.9999999.9999999-dev"
        },
        {
            "package": "symfony/yaml",
            "version": "dev-master",
            "source-reference": "49ad500448c17a4b515c8f567dbb540af3cf41ef",
            "alias-pretty-version": "2.1.x-dev",
            "alias-version": "2.1.9999999.9999999-dev"
        },
        {
            "package": "twig/twig",
            "version": "dev-master",
            "source-reference": "e28663efd83d76ee36bf9e8a790f75bd880abbf2",
            "alias-pretty-version": "1.8.x-dev",
            "alias-version": "1.8.9999999.9999999-dev"
        },
        {
            "package": "twig/twig",
            "version": "dev-master",
            "source-reference": "e28663efd83d76ee36bf9e8a790f75bd880abbf2"
        }
    ],
    "packages-dev": null,
    "aliases": [

    ],
    "minimum-stability": "dev",
    "stability-flags": [

    ]
}
